version = 1
revision = 3
requires-python = ">=3.7"

[manifest]
members = [
    "keypirinha-extensions",
    "keypirinha-sdk",
    "keypirinha-stub",
]

[[package]]
name = "colorama"
version = "0.4.6"
source = { registry = "https://pypi.org/simple" }
sdist = { url = "https://files.pythonhosted.org/packages/d8/53/6f443c9a4a8358a93a6792e2acffb9d9d5cb0a5cfd8802644b7b1c9a02e4/colorama-0.4.6.tar.gz", hash = "sha256:08695f5cb7ed6e0531a20572697297273c47b8cae5a63ffc6d6ed5c201be6e44", size = 27697, upload-time = "2022-10-25T02:36:22.414Z" }
wheels = [
    { url = "https://files.pythonhosted.org/packages/d1/d6/3965ed04c63042e047cb6a3e6ed1a63a35087b6a609aa3a15ed8ac56c221/colorama-0.4.6-py2.py3-none-any.whl", hash = "sha256:4f1d9991f5acc0ca119f9d443620b77f9d6b33703e51011c16baf57afb285fc6", size = 25335, upload-time = "2022-10-25T02:36:20.889Z" },
]

[[package]]
name = "keypirinha-extensions"
version = "0.1.0"
source = { virtual = "." }
dependencies = [
    { name = "keypirinha-sdk" },
    { name = "keypirinha-stub" },
]

[package.metadata]
requires-dist = [
    { name = "keypirinha-sdk", editable = "_sdk" },
    { name = "keypirinha-stub", editable = "_stub" },
]

[[package]]
name = "keypirinha-sdk"
version = "0.1.0"
source = { editable = "_sdk" }
dependencies = [
    { name = "colorama" },
]

[package.metadata]
requires-dist = [{ name = "colorama" }]

[[package]]
name = "keypirinha-stub"
version = "0.1.0"
source = { editable = "_stub" }
dependencies = [
    { name = "setuptools" },
]

[package.metadata]
requires-dist = [{ name = "setuptools" }]

[[package]]
name = "setuptools"
version = "68.0.0"
source = { registry = "https://pypi.org/simple" }
sdist = { url = "https://files.pythonhosted.org/packages/dc/98/5f896af066c128669229ff1aa81553ac14cfb3e5e74b6b44594132b8540e/setuptools-68.0.0.tar.gz", hash = "sha256:baf1fdb41c6da4cd2eae722e135500da913332ab3f2f5c7d33af9b492acb5235", size = 2194111, upload-time = "2023-06-19T15:53:05.082Z" }
wheels = [
    { url = "https://files.pythonhosted.org/packages/c7/42/be1c7bbdd83e1bfb160c94b9cafd8e25efc7400346cf7ccdbdb452c467fa/setuptools-68.0.0-py3-none-any.whl", hash = "sha256:11e52c67415a381d10d6b462ced9cfb97066179f0e871399e006c4ab101fc85f", size = 804037, upload-time = "2023-06-19T15:53:03.089Z" },
]
